
Microsoft Visual Studio Solution File, Format Version 12.00
# Visual Studio Version 16
VisualStudioVersion = 16.0.32106.194
MinimumVisualStudioVersion = 10.0.40219.1
Project("{FAE04EC0-301F-11D3-BF4B-00C04F79EFBC}") = "RMDataManager", "RMDataManager\RMDataManager.csproj", "{8BEF1696-B5CA-4B42-87E3-E9393497A7F2}"
EndProject
Project("{00D1A9C2-B5F0-4AF3-8072-F6C62B433612}") = "RMData", "RMData\RMData.sqlproj", "{A3092F6D-1751-466A-89CA-04540BA76EDF}"
EndProject
Project("{FAE04EC0-301F-11D3-BF4B-00C04F79EFBC}") = "RMDesktopUI", "RMDesktopUI\RMDesktopUI.csproj", "{C04EDE36-72BB-4B8C-BE7E-9F85B653E3BB}"
EndProject
Project("{FAE04EC0-301F-11D3-BF4B-00C04F79EFBC}") = "RMDataManager.Library", "RMDataManager.Library\RMDataManager.Library.csproj", "{E243AA18-0DEB-41DB-BF7D-9FD7C81D0B0D}"
EndProject
Project("{FAE04EC0-301F-11D3-BF4B-00C04F79EFBC}") = "RMDesktopUI.Library", "RMDesktopUI.Library\RMDesktopUI.Library.csproj", "{7C15EA2C-578C-4669-8755-8AEE4ACD1D3A}"
EndProject
Project("{2150E333-8FDC-42A3-9474-1A3956D46DE8}") = "Database", "Database", "{FFDE34DD-9487-4313-A07E-988085BD5D0D}"
EndProject
Project("{2150E333-8FDC-42A3-9474-1A3956D46DE8}") = "API", "API", "{27FAC03E-56AA-485A-A87F-4C5363DEF527}"
EndProject
Project("{2150E333-8FDC-42A3-9474-1A3956D46DE8}") = "WPF", "WPF", "{AC979302-2AD9-42EF-82BF-07BA39ABC52E}"
EndProject
Global
	GlobalSection(SolutionConfigurationPlatforms) = preSolution
		Debug|Any CPU = Debug|Any CPU
		Release|Any CPU = Release|Any CPU
	EndGlobalSection
	GlobalSection(ProjectConfigurationPlatforms) = postSolution
		{8BEF1696-B5CA-4B42-87E3-E9393497A7F2}.Debug|Any CPU.ActiveCfg = Debug|Any CPU
		{8BEF1696-B5CA-4B42-87E3-E9393497A7F2}.Debug|Any CPU.Build.0 = Debug|Any CPU
		{8BEF1696-B5CA-4B42-87E3-E9393497A7F2}.Release|Any CPU.ActiveCfg = Release|Any CPU
		{8BEF1696-B5CA-4B42-87E3-E9393497A7F2}.Release|Any CPU.Build.0 = Release|Any CPU
		{A3092F6D-1751-466A-89CA-04540BA76EDF}.Debug|Any CPU.ActiveCfg = Debug|Any CPU
		{A3092F6D-1751-466A-89CA-04540BA76EDF}.Debug|Any CPU.Build.0 = Debug|Any CPU
		{A3092F6D-1751-466A-89CA-04540BA76EDF}.Debug|Any CPU.Deploy.0 = Debug|Any CPU
		{A3092F6D-1751-466A-89CA-04540BA76EDF}.Release|Any CPU.ActiveCfg = Release|Any CPU
		{A3092F6D-1751-466A-89CA-04540BA76EDF}.Release|Any CPU.Build.0 = Release|Any CPU
		{A3092F6D-1751-466A-89CA-04540BA76EDF}.Release|Any CPU.Deploy.0 = Release|Any CPU
		{C04EDE36-72BB-4B8C-BE7E-9F85B653E3BB}.Debug|Any CPU.ActiveCfg = Debug|Any CPU
		{C04EDE36-72BB-4B8C-BE7E-9F85B653E3BB}.Debug|Any CPU.Build.0 = Debug|Any CPU
		{C04EDE36-72BB-4B8C-BE7E-9F85B653E3BB}.Release|Any CPU.ActiveCfg = Release|Any CPU
		{C04EDE36-72BB-4B8C-BE7E-9F85B653E3BB}.Release|Any CPU.Build.0 = Release|Any CPU
		{E243AA18-0DEB-41DB-BF7D-9FD7C81D0B0D}.Debug|Any CPU.ActiveCfg = Debug|Any CPU
		{E243AA18-0DEB-41DB-BF7D-9FD7C81D0B0D}.Debug|Any CPU.Build.0 = Debug|Any CPU
		{E243AA18-0DEB-41DB-BF7D-9FD7C81D0B0D}.Release|Any CPU.ActiveCfg = Release|Any CPU
		{E243AA18-0DEB-41DB-BF7D-9FD7C81D0B0D}.Release|Any CPU.Build.0 = Release|Any CPU
		{7C15EA2C-578C-4669-8755-8AEE4ACD1D3A}.Debug|Any CPU.ActiveCfg = Debug|Any CPU
		{7C15EA2C-578C-4669-8755-8AEE4ACD1D3A}.Debug|Any CPU.Build.0 = Debug|Any CPU
		{7C15EA2C-578C-4669-8755-8AEE4ACD1D3A}.Release|Any CPU.ActiveCfg = Release|Any CPU
		{7C15EA2C-578C-4669-8755-8AEE4ACD1D3A}.Release|Any CPU.Build.0 = Release|Any CPU
	EndGlobalSection
	GlobalSection(SolutionProperties) = preSolution
		HideSolutionNode = FALSE
	EndGlobalSection
	GlobalSection(NestedProjects) = preSolution
		{8BEF1696-B5CA-4B42-87E3-E9393497A7F2} = {27FAC03E-56AA-485A-A87F-4C5363DEF527}
		{A3092F6D-1751-466A-89CA-04540BA76EDF} = {FFDE34DD-9487-4313-A07E-988085BD5D0D}
		{C04EDE36-72BB-4B8C-BE7E-9F85B653E3BB} = {AC979302-2AD9-42EF-82BF-07BA39ABC52E}
		{E243AA18-0DEB-41DB-BF7D-9FD7C81D0B0D} = {27FAC03E-56AA-485A-A87F-4C5363DEF527}
		{7C15EA2C-578C-4669-8755-8AEE4ACD1D3A} = {AC979302-2AD9-42EF-82BF-07BA39ABC52E}
	EndGlobalSection
	GlobalSection(ExtensibilityGlobals) = postSolution
		SolutionGuid = {63321893-CD4F-436D-9D26-85E14D65494E}
	EndGlobalSection
EndGlobal
